// !$*UTF8*$!
{
	archiveVersion = 1;
	classes = {
	};
	objectVersion = 46;
	objects = {

/* Begin PBXBuildFile section */
		C74E62281A003E3200DE5910 /* FrameTests.swift in Sources */ = {isa = PBXBuildFile; fileRef = C74E62271A003E3200DE5910 /* FrameTests.swift */; };
		C74E622A1A0040FD00DE5910 /* BouncesTests.swift in Sources */ = {isa = PBXBuildFile; fileRef = C74E62291A0040FD00DE5910 /* BouncesTests.swift */; };
		C7A355A219B612D5000DDC72 /* BeatAnimator.swift in Sources */ = {isa = PBXBuildFile; fileRef = C7A355A119B612D5000DDC72 /* BeatAnimator.swift */; };
		C7A355D119B62125000DDC72 /* PacmanAnimator.swift in Sources */ = {isa = PBXBuildFile; fileRef = C7A355D019B62125000DDC72 /* PacmanAnimator.swift */; };
		C7AC6CD119A7FE6D007107DF /* Refresher.h in Headers */ = {isa = PBXBuildFile; fileRef = C7AC6CD019A7FE6D007107DF /* Refresher.h */; settings = {ATTRIBUTES = (Public, ); }; };
		C7AC6CDD19A7FE6D007107DF /* LoadingTests.swift in Sources */ = {isa = PBXBuildFile; fileRef = C7AC6CDC19A7FE6D007107DF /* LoadingTests.swift */; };
		C7AC6CE019A7FE6D007107DF /* Refresher.framework in Frameworks */ = {isa = PBXBuildFile; fileRef = C7AC6CCC19A7FE6D007107DF /* Refresher.framework */; };
		C7AC6CE119A7FE6D007107DF /* Refresher.framework in Embed Frameworks */ = {isa = PBXBuildFile; fileRef = C7AC6CCC19A7FE6D007107DF /* Refresher.framework */; settings = {ATTRIBUTES = (CodeSignOnCopy, RemoveHeadersOnCopy, ); }; };
		C7AC6CF119A800A8007107DF /* PullToRefreshExtension.swift in Sources */ = {isa = PBXBuildFile; fileRef = C7AC6CEF19A800A8007107DF /* PullToRefreshExtension.swift */; };
		C7AC6CF219A800A8007107DF /* PullToRefreshExtension.swift in Sources */ = {isa = PBXBuildFile; fileRef = C7AC6CEF19A800A8007107DF /* PullToRefreshExtension.swift */; };
		C7AC6CF319A800A8007107DF /* PullToRefreshView.swift in Sources */ = {isa = PBXBuildFile; fileRef = C7AC6CF019A800A8007107DF /* PullToRefreshView.swift */; };
		C7AC6CF419A800A8007107DF /* PullToRefreshView.swift in Sources */ = {isa = PBXBuildFile; fileRef = C7AC6CF019A800A8007107DF /* PullToRefreshView.swift */; };
		C7AC6CFC19A894DF007107DF /* AppDelegate.swift in Sources */ = {isa = PBXBuildFile; fileRef = C7AC6CF619A894DF007107DF /* AppDelegate.swift */; };
		C7AC6CFD19A894DF007107DF /* Main.storyboard in Resources */ = {isa = PBXBuildFile; fileRef = C7AC6CF719A894DF007107DF /* Main.storyboard */; };
		C7AC6CFE19A894DF007107DF /* Images.xcassets in Resources */ = {isa = PBXBuildFile; fileRef = C7AC6CF919A894DF007107DF /* Images.xcassets */; };
		C7AC6D0019A894DF007107DF /* PullToRefreshViewController.swift in Sources */ = {isa = PBXBuildFile; fileRef = C7AC6CFB19A894DF007107DF /* PullToRefreshViewController.swift */; };
		C7AEDC171B6D53D100E09098 /* ChooseModeViewController.swift in Sources */ = {isa = PBXBuildFile; fileRef = C7AEDC161B6D53D100E09098 /* ChooseModeViewController.swift */; };
		C7B53A431AC996B80021914B /* CustomSubview.swift in Sources */ = {isa = PBXBuildFile; fileRef = C7B53A421AC996B80021914B /* CustomSubview.swift */; };
		C7B53A451AC9971C0021914B /* CustomSubview.xib in Resources */ = {isa = PBXBuildFile; fileRef = C7B53A441AC9971C0021914B /* CustomSubview.xib */; };
		C7DA91CD19B31B7C00C4012B /* Animator.swift in Sources */ = {isa = PBXBuildFile; fileRef = C7DA91CC19B31B7C00C4012B /* Animator.swift */; };
		C7DA91CE19B348EA00C4012B /* Animator.swift in Sources */ = {isa = PBXBuildFile; fileRef = C7DA91CC19B31B7C00C4012B /* Animator.swift */; };
/* End PBXBuildFile section */

/* Begin PBXContainerItemProxy section */
		C7AC6CD719A7FE6D007107DF /* PBXContainerItemProxy */ = {
			isa = PBXContainerItemProxy;
			containerPortal = C7D1CF87199BB3C8009FD485 /* Project object */;
			proxyType = 1;
			remoteGlobalIDString = C7D1CF8E199BB3C8009FD485;
			remoteInfo = PullToRefresh;
		};
		C7AC6CDE19A7FE6D007107DF /* PBXContainerItemProxy */ = {
			isa = PBXContainerItemProxy;
			containerPortal = C7D1CF87199BB3C8009FD485 /* Project object */;
			proxyType = 1;
			remoteGlobalIDString = C7AC6CCB19A7FE6D007107DF;
			remoteInfo = Refresher;
		};
		C7AC6CE219A7FE6D007107DF /* PBXContainerItemProxy */ = {
			isa = PBXContainerItemProxy;
			containerPortal = C7D1CF87199BB3C8009FD485 /* Project object */;
			proxyType = 1;
			remoteGlobalIDString = C7AC6CCB19A7FE6D007107DF;
			remoteInfo = Refresher;
		};
/* End PBXContainerItemProxy section */

/* Begin PBXCopyFilesBuildPhase section */
		C7AC6CE919A7FE6D007107DF /* Embed Frameworks */ = {
			isa = PBXCopyFilesBuildPhase;
			buildActionMask = 2147483647;
			dstPath = "";
			dstSubfolderSpec = 10;
			files = (
				C7AC6CE119A7FE6D007107DF /* Refresher.framework in Embed Frameworks */,
			);
			name = "Embed Frameworks";
			runOnlyForDeploymentPostprocessing = 0;
		};
/* End PBXCopyFilesBuildPhase section */

/* Begin PBXFileReference section */
		C74E62271A003E3200DE5910 /* FrameTests.swift */ = {isa = PBXFileReference; fileEncoding = 4; lastKnownFileType = sourcecode.swift; path = FrameTests.swift; sourceTree = "<group>"; };
		C74E62291A0040FD00DE5910 /* BouncesTests.swift */ = {isa = PBXFileReference; fileEncoding = 4; lastKnownFileType = sourcecode.swift; path = BouncesTests.swift; sourceTree = "<group>"; };
		C7A355A119B612D5000DDC72 /* BeatAnimator.swift */ = {isa = PBXFileReference; fileEncoding = 4; lastKnownFileType = sourcecode.swift; path = BeatAnimator.swift; sourceTree = "<group>"; };
		C7A355D019B62125000DDC72 /* PacmanAnimator.swift */ = {isa = PBXFileReference; fileEncoding = 4; lastKnownFileType = sourcecode.swift; path = PacmanAnimator.swift; sourceTree = "<group>"; };
		C7AC6CCC19A7FE6D007107DF /* Refresher.framework */ = {isa = PBXFileReference; explicitFileType = wrapper.framework; includeInIndex = 0; path = Refresher.framework; sourceTree = BUILT_PRODUCTS_DIR; };
		C7AC6CCF19A7FE6D007107DF /* Info.plist */ = {isa = PBXFileReference; lastKnownFileType = text.plist.xml; path = Info.plist; sourceTree = "<group>"; };
		C7AC6CD019A7FE6D007107DF /* Refresher.h */ = {isa = PBXFileReference; lastKnownFileType = sourcecode.c.h; path = Refresher.h; sourceTree = "<group>"; };
		C7AC6CD619A7FE6D007107DF /* RefresherTests.xctest */ = {isa = PBXFileReference; explicitFileType = wrapper.cfbundle; includeInIndex = 0; path = RefresherTests.xctest; sourceTree = BUILT_PRODUCTS_DIR; };
		C7AC6CDB19A7FE6D007107DF /* Info.plist */ = {isa = PBXFileReference; lastKnownFileType = text.plist.xml; path = Info.plist; sourceTree = "<group>"; };
		C7AC6CDC19A7FE6D007107DF /* LoadingTests.swift */ = {isa = PBXFileReference; lastKnownFileType = sourcecode.swift; path = LoadingTests.swift; sourceTree = "<group>"; };
		C7AC6CEF19A800A8007107DF /* PullToRefreshExtension.swift */ = {isa = PBXFileReference; fileEncoding = 4; lastKnownFileType = sourcecode.swift; path = PullToRefreshExtension.swift; sourceTree = "<group>"; };
		C7AC6CF019A800A8007107DF /* PullToRefreshView.swift */ = {isa = PBXFileReference; fileEncoding = 4; lastKnownFileType = sourcecode.swift; path = PullToRefreshView.swift; sourceTree = "<group>"; };
		C7AC6CF619A894DF007107DF /* AppDelegate.swift */ = {isa = PBXFileReference; fileEncoding = 4; lastKnownFileType = sourcecode.swift; path = AppDelegate.swift; sourceTree = "<group>"; };
		C7AC6CF819A894DF007107DF /* Base */ = {isa = PBXFileReference; lastKnownFileType = file.storyboard; name = Base; path = Base.lproj/Main.storyboard; sourceTree = "<group>"; };
		C7AC6CF919A894DF007107DF /* Images.xcassets */ = {isa = PBXFileReference; lastKnownFileType = folder.assetcatalog; path = Images.xcassets; sourceTree = "<group>"; };
		C7AC6CFA19A894DF007107DF /* Info.plist */ = {isa = PBXFileReference; fileEncoding = 4; lastKnownFileType = text.plist.xml; path = Info.plist; sourceTree = "<group>"; };
		C7AC6CFB19A894DF007107DF /* PullToRefreshViewController.swift */ = {isa = PBXFileReference; fileEncoding = 4; lastKnownFileType = sourcecode.swift; path = PullToRefreshViewController.swift; sourceTree = "<group>"; };
		C7AEDC161B6D53D100E09098 /* ChooseModeViewController.swift */ = {isa = PBXFileReference; fileEncoding = 4; lastKnownFileType = sourcecode.swift; path = ChooseModeViewController.swift; sourceTree = "<group>"; };
		C7B53A421AC996B80021914B /* CustomSubview.swift */ = {isa = PBXFileReference; fileEncoding = 4; lastKnownFileType = sourcecode.swift; path = CustomSubview.swift; sourceTree = "<group>"; };
		C7B53A441AC9971C0021914B /* CustomSubview.xib */ = {isa = PBXFileReference; fileEncoding = 4; lastKnownFileType = file.xib; path = CustomSubview.xib; sourceTree = "<group>"; };
		C7D1CF8F199BB3C8009FD485 /* PullToRefreshDemo.app */ = {isa = PBXFileReference; explicitFileType = wrapper.application; includeInIndex = 0; path = PullToRefreshDemo.app; sourceTree = BUILT_PRODUCTS_DIR; };
		C7DA91CC19B31B7C00C4012B /* Animator.swift */ = {isa = PBXFileReference; fileEncoding = 4; lastKnownFileType = sourcecode.swift; path = Animator.swift; sourceTree = "<group>"; };
/* End PBXFileReference section */

/* Begin PBXFrameworksBuildPhase section */
		C7AC6CC819A7FE6D007107DF /* Frameworks */ = {
			isa = PBXFrameworksBuildPhase;
			buildActionMask = 2147483647;
			files = (
			);
			runOnlyForDeploymentPostprocessing = 0;
		};
		C7AC6CD319A7FE6D007107DF /* Frameworks */ = {
			isa = PBXFrameworksBuildPhase;
			buildActionMask = 2147483647;
			files = (
			);
			runOnlyForDeploymentPostprocessing = 0;
		};
		C7D1CF8C199BB3C8009FD485 /* Frameworks */ = {
			isa = PBXFrameworksBuildPhase;
			buildActionMask = 2147483647;
			files = (
				C7AC6CE019A7FE6D007107DF /* Refresher.framework in Frameworks */,
			);
			runOnlyForDeploymentPostprocessing = 0;
		};
/* End PBXFrameworksBuildPhase section */

/* Begin PBXGroup section */
		C7956A3D19A8966400CF6484 /* Supporting Files */ = {
			isa = PBXGroup;
			children = (
				C7AC6CFA19A894DF007107DF /* Info.plist */,
			);
			name = "Supporting Files";
			sourceTree = "<group>";
		};
		C7AC6CCD19A7FE6D007107DF /* Refresher */ = {
			isa = PBXGroup;
			children = (
				C7AC6CEF19A800A8007107DF /* PullToRefreshExtension.swift */,
				C7AC6CF019A800A8007107DF /* PullToRefreshView.swift */,
				C7DA91CC19B31B7C00C4012B /* Animator.swift */,
				C7AC6CD019A7FE6D007107DF /* Refresher.h */,
				C7AC6CCE19A7FE6D007107DF /* Supporting Files */,
			);
			path = Refresher;
			sourceTree = "<group>";
		};
		C7AC6CCE19A7FE6D007107DF /* Supporting Files */ = {
			isa = PBXGroup;
			children = (
				C7AC6CCF19A7FE6D007107DF /* Info.plist */,
			);
			name = "Supporting Files";
			sourceTree = "<group>";
		};
		C7AC6CD919A7FE6D007107DF /* RefresherTests */ = {
			isa = PBXGroup;
			children = (
				C74E62271A003E3200DE5910 /* FrameTests.swift */,
				C7AC6CDC19A7FE6D007107DF /* LoadingTests.swift */,
				C74E62291A0040FD00DE5910 /* BouncesTests.swift */,
				C7AC6CDA19A7FE6D007107DF /* Supporting Files */,
			);
			path = RefresherTests;
			sourceTree = "<group>";
		};
		C7AC6CDA19A7FE6D007107DF /* Supporting Files */ = {
			isa = PBXGroup;
			children = (
				C7AC6CDB19A7FE6D007107DF /* Info.plist */,
			);
			name = "Supporting Files";
			sourceTree = "<group>";
		};
		C7AC6CF519A894DF007107DF /* PullToRefreshDemo */ = {
			isa = PBXGroup;
			children = (
				C7AC6CF619A894DF007107DF /* AppDelegate.swift */,
				C7AEDC181B6D53DA00E09098 /* ViewController */,
				C7AC6CF719A894DF007107DF /* Main.storyboard */,
				C7AC6CF919A894DF007107DF /* Images.xcassets */,
				C7956A3D19A8966400CF6484 /* Supporting Files */,
				C7AEDC191B6D53E000E09098 /* Animator */,
			);
			path = PullToRefreshDemo;
			sourceTree = "<group>";
		};
		C7AEDC181B6D53DA00E09098 /* ViewController */ = {
			isa = PBXGroup;
			children = (
				C7AC6CFB19A894DF007107DF /* PullToRefreshViewController.swift */,
				C7AEDC161B6D53D100E09098 /* ChooseModeViewController.swift */,
			);
			name = ViewController;
			sourceTree = "<group>";
		};
		C7AEDC191B6D53E000E09098 /* Animator */ = {
			isa = PBXGroup;
			children = (
				C7A355A119B612D5000DDC72 /* BeatAnimator.swift */,
				C7A355D019B62125000DDC72 /* PacmanAnimator.swift */,
				C7B53A421AC996B80021914B /* CustomSubview.swift */,
				C7B53A441AC9971C0021914B /* CustomSubview.xib */,
			);
			name = Animator;
			sourceTree = "<group>";
		};
		C7D1CF86199BB3C8009FD485 = {
			isa = PBXGroup;
			children = (
				C7AC6CF519A894DF007107DF /* PullToRefreshDemo */,
				C7AC6CCD19A7FE6D007107DF /* Refresher */,
				C7AC6CD919A7FE6D007107DF /* RefresherTests */,
				C7D1CF90199BB3C8009FD485 /* Products */,
			);
			sourceTree = "<group>";
		};
		C7D1CF90199BB3C8009FD485 /* Products */ = {
			isa = PBXGroup;
			children = (
				C7D1CF8F199BB3C8009FD485 /* PullToRefreshDemo.app */,
				C7AC6CCC19A7FE6D007107DF /* Refresher.framework */,
				C7AC6CD619A7FE6D007107DF /* RefresherTests.xctest */,
			);
			name = Products;
			sourceTree = "<group>";
		};
/* End PBXGroup section */

/* Begin PBXHeadersBuildPhase section */
		C7AC6CC919A7FE6D007107DF /* Headers */ = {
			isa = PBXHeadersBuildPhase;
			buildActionMask = 2147483647;
			files = (
				C7AC6CD119A7FE6D007107DF /* Refresher.h in Headers */,
			);
			runOnlyForDeploymentPostprocessing = 0;
		};
/* End PBXHeadersBuildPhase section */

/* Begin PBXNativeTarget section */
		C7AC6CCB19A7FE6D007107DF /* Refresher */ = {
			isa = PBXNativeTarget;
			buildConfigurationList = C7AC6CE819A7FE6D007107DF /* Build configuration list for PBXNativeTarget "Refresher" */;
			buildPhases = (
				C7AC6CC719A7FE6D007107DF /* Sources */,
				C7AC6CC819A7FE6D007107DF /* Frameworks */,
				C7AC6CC919A7FE6D007107DF /* Headers */,
				C7AC6CCA19A7FE6D007107DF /* Resources */,
			);
			buildRules = (
			);
			dependencies = (
			);
			name = Refresher;
			productName = Refresher;
			productReference = C7AC6CCC19A7FE6D007107DF /* Refresher.framework */;
			productType = "com.apple.product-type.framework";
		};
		C7AC6CD519A7FE6D007107DF /* RefresherTests */ = {
			isa = PBXNativeTarget;
			buildConfigurationList = C7AC6CEA19A7FE6D007107DF /* Build configuration list for PBXNativeTarget "RefresherTests" */;
			buildPhases = (
				C7AC6CD219A7FE6D007107DF /* Sources */,
				C7AC6CD319A7FE6D007107DF /* Frameworks */,
				C7AC6CD419A7FE6D007107DF /* Resources */,
			);
			buildRules = (
			);
			dependencies = (
				C7AC6CD819A7FE6D007107DF /* PBXTargetDependency */,
			);
			name = RefresherTests;
			productName = RefresherTests;
			productReference = C7AC6CD619A7FE6D007107DF /* RefresherTests.xctest */;
			productType = "com.apple.product-type.bundle.unit-test";
		};
		C7D1CF8E199BB3C8009FD485 /* PullToRefreshDemo */ = {
			isa = PBXNativeTarget;
			buildConfigurationList = C7D1CFAB199BB3C8009FD485 /* Build configuration list for PBXNativeTarget "PullToRefreshDemo" */;
			buildPhases = (
				C7D1CF8B199BB3C8009FD485 /* Sources */,
				C7D1CF8C199BB3C8009FD485 /* Frameworks */,
				C7D1CF8D199BB3C8009FD485 /* Resources */,
				C7AC6CE919A7FE6D007107DF /* Embed Frameworks */,
			);
			buildRules = (
			);
			dependencies = (
				C7AC6CDF19A7FE6D007107DF /* PBXTargetDependency */,
				C7AC6CE319A7FE6D007107DF /* PBXTargetDependency */,
			);
			name = PullToRefreshDemo;
			productName = PullToRefresh;
			productReference = C7D1CF8F199BB3C8009FD485 /* PullToRefreshDemo.app */;
			productType = "com.apple.product-type.application";
		};
/* End PBXNativeTarget section */

/* Begin PBXProject section */
		C7D1CF87199BB3C8009FD485 /* Project object */ = {
			isa = PBXProject;
			attributes = {
				LastSwiftUpdateCheck = 0700;
				LastUpgradeCheck = 0900;
				ORGANIZATIONNAME = "Josip Cavar";
				TargetAttributes = {
					C7AC6CCB19A7FE6D007107DF = {
						CreatedOnToolsVersion = 6.0;
						LastSwiftMigration = 0900;
					};
					C7AC6CD519A7FE6D007107DF = {
						CreatedOnToolsVersion = 6.0;
						LastSwiftMigration = 0900;
						TestTargetID = C7D1CF8E199BB3C8009FD485;
					};
					C7D1CF8E199BB3C8009FD485 = {
						CreatedOnToolsVersion = 6.0;
						LastSwiftMigration = 0900;
					};
				};
			};
			buildConfigurationList = C7D1CF8A199BB3C8009FD485 /* Build configuration list for PBXProject "PullToRefresh" */;
			compatibilityVersion = "Xcode 3.2";
			developmentRegion = English;
			hasScannedForEncodings = 0;
			knownRegions = (
				en,
				Base,
			);
			mainGroup = C7D1CF86199BB3C8009FD485;
			productRefGroup = C7D1CF90199BB3C8009FD485 /* Products */;
			projectDirPath = "";
			projectRoot = "";
			targets = (
				C7D1CF8E199BB3C8009FD485 /* PullToRefreshDemo */,
				C7AC6CCB19A7FE6D007107DF /* Refresher */,
				C7AC6CD519A7FE6D007107DF /* RefresherTests */,
			);
		};
/* End PBXProject section */

/* Begin PBXResourcesBuildPhase section */
		C7AC6CCA19A7FE6D007107DF /* Resources */ = {
			isa = PBXResourcesBuildPhase;
			buildActionMask = 2147483647;
			files = (
			);
			runOnlyForDeploymentPostprocessing = 0;
		};
		C7AC6CD419A7FE6D007107DF /* Resources */ = {
			isa = PBXResourcesBuildPhase;
			buildActionMask = 2147483647;
			files = (
			);
			runOnlyForDeploymentPostprocessing = 0;
		};
		C7D1CF8D199BB3C8009FD485 /* Resources */ = {
			isa = PBXResourcesBuildPhase;
			buildActionMask = 2147483647;
			files = (
				C7AC6CFD19A894DF007107DF /* Main.storyboard in Resources */,
				C7AC6CFE19A894DF007107DF /* Images.xcassets in Resources */,
				C7B53A451AC9971C0021914B /* CustomSubview.xib in Resources */,
			);
			runOnlyForDeploymentPostprocessing = 0;
		};
/* End PBXResourcesBuildPhase section */

/* Begin PBXSourcesBuildPhase section */
		C7AC6CC719A7FE6D007107DF /* Sources */ = {
			isa = PBXSourcesBuildPhase;
			buildActionMask = 2147483647;
			files = (
				C7DA91CD19B31B7C00C4012B /* Animator.swift in Sources */,
				C7AC6CF319A800A8007107DF /* PullToRefreshView.swift in Sources */,
				C7AC6CF119A800A8007107DF /* PullToRefreshExtension.swift in Sources */,
			);
			runOnlyForDeploymentPostprocessing = 0;
		};
		C7AC6CD219A7FE6D007107DF /* Sources */ = {
			isa = PBXSourcesBuildPhase;
			buildActionMask = 2147483647;
			files = (
				C7DA91CE19B348EA00C4012B /* Animator.swift in Sources */,
				C7AC6CDD19A7FE6D007107DF /* LoadingTests.swift in Sources */,
				C74E62281A003E3200DE5910 /* FrameTests.swift in Sources */,
				C7AC6CF219A800A8007107DF /* PullToRefreshExtension.swift in Sources */,
				C7AC6CF419A800A8007107DF /* PullToRefreshView.swift in Sources */,
				C74E622A1A0040FD00DE5910 /* BouncesTests.swift in Sources */,
			);
			runOnlyForDeploymentPostprocessing = 0;
		};
		C7D1CF8B199BB3C8009FD485 /* Sources */ = {
			isa = PBXSourcesBuildPhase;
			buildActionMask = 2147483647;
			files = (
				C7A355D119B62125000DDC72 /* PacmanAnimator.swift in Sources */,
				C7B53A431AC996B80021914B /* CustomSubview.swift in Sources */,
				C7AC6D0019A894DF007107DF /* PullToRefreshViewController.swift in Sources */,
				C7AC6CFC19A894DF007107DF /* AppDelegate.swift in Sources */,
				C7AEDC171B6D53D100E09098 /* ChooseModeViewController.swift in Sources */,
				C7A355A219B612D5000DDC72 /* BeatAnimator.swift in Sources */,
			);
			runOnlyForDeploymentPostprocessing = 0;
		};
/* End PBXSourcesBuildPhase section */

/* Begin PBXTargetDependency section */
		C7AC6CD819A7FE6D007107DF /* PBXTargetDependency */ = {
			isa = PBXTargetDependency;
			target = C7D1CF8E199BB3C8009FD485 /* PullToRefreshDemo */;
			targetProxy = C7AC6CD719A7FE6D007107DF /* PBXContainerItemProxy */;
		};
		C7AC6CDF19A7FE6D007107DF /* PBXTargetDependency */ = {
			isa = PBXTargetDependency;
			target = C7AC6CCB19A7FE6D007107DF /* Refresher */;
			targetProxy = C7AC6CDE19A7FE6D007107DF /* PBXContainerItemProxy */;
		};
		C7AC6CE319A7FE6D007107DF /* PBXTargetDependency */ = {
			isa = PBXTargetDependency;
			target = C7AC6CCB19A7FE6D007107DF /* Refresher */;
			targetProxy = C7AC6CE219A7FE6D007107DF /* PBXContainerItemProxy */;
		};
/* End PBXTargetDependency section */

/* Begin PBXVariantGroup section */
		C7AC6CF719A894DF007107DF /* Main.storyboard */ = {
			isa = PBXVariantGroup;
			children = (
				C7AC6CF819A894DF007107DF /* Base */,
			);
			name = Main.storyboard;
			sourceTree = "<group>";
		};
/* End PBXVariantGroup section */

/* Begin XCBuildConfiguration section */
		C7AC6CE419A7FE6D007107DF /* Debug */ = {
			isa = XCBuildConfiguration;
			buildSettings = {
				CLANG_ENABLE_MODULES = YES;
				"CODE_SIGN_IDENTITY[sdk=iphoneos*]" = "";
				CURRENT_PROJECT_VERSION = 1;
				DEFINES_MODULE = YES;
				DYLIB_COMPATIBILITY_VERSION = 1;
				DYLIB_CURRENT_VERSION = 1;
				DYLIB_INSTALL_NAME_BASE = "@rpath";
				GCC_PREPROCESSOR_DEFINITIONS = (
					"DEBUG=1",
					"$(inherited)",
				);
				INFOPLIST_FILE = Refresher/Info.plist;
				INSTALL_PATH = "$(LOCAL_LIBRARY_DIR)/Frameworks";
				LD_RUNPATH_SEARCH_PATHS = "$(inherited) @executable_path/Frameworks @loader_path/Frameworks";
				PRODUCT_BUNDLE_IDENTIFIER = "JCA.$(PRODUCT_NAME:rfc1034identifier)";
				PRODUCT_NAME = "$(TARGET_NAME)";
				SKIP_INSTALL = YES;
				SWIFT_OPTIMIZATION_LEVEL = "-Onone";
				SWIFT_VERSION = 4.0;
				VERSIONING_SYSTEM = "apple-generic";
				VERSION_INFO_PREFIX = "";
			};
			name = Debug;
		};
		C7AC6CE519A7FE6D007107DF /* Release */ = {
			isa = XCBuildConfiguration;
			buildSettings = {
				CLANG_ENABLE_MODULES = YES;
				"CODE_SIGN_IDENTITY[sdk=iphoneos*]" = "";
				CURRENT_PROJECT_VERSION = 1;
				DEFINES_MODULE = YES;
				DYLIB_COMPATIBILITY_VERSION = 1;
				DYLIB_CURRENT_VERSION = 1;
				DYLIB_INSTALL_NAME_BASE = "@rpath";
				INFOPLIST_FILE = Refresher/Info.plist;
				INSTALL_PATH = "$(LOCAL_LIBRARY_DIR)/Frameworks";
				LD_RUNPATH_SEARCH_PATHS = "$(inherited) @executable_path/Frameworks @loader_path/Frameworks";
				PRODUCT_BUNDLE_IDENTIFIER = "JCA.$(PRODUCT_NAME:rfc1034identifier)";
				PRODUCT_NAME = "$(TARGET_NAME)";
				SKIP_INSTALL = YES;
				SWIFT_VERSION = 4.0;
				VERSIONING_SYSTEM = "apple-generic";
				VERSION_INFO_PREFIX = "";
			};
			name = Release;
		};
		C7AC6CE619A7FE6D007107DF /* Debug */ = {
			isa = XCBuildConfiguration;
			buildSettings = {
				FRAMEWORK_SEARCH_PATHS = (
					"$(SDKROOT)/Developer/Library/Frameworks",
					"$(inherited)",
				);
				GCC_PREPROCESSOR_DEFINITIONS = (
					"DEBUG=1",
					"$(inherited)",
				);
				INFOPLIST_FILE = RefresherTests/Info.plist;
				LD_RUNPATH_SEARCH_PATHS = "$(inherited) @executable_path/Frameworks @loader_path/Frameworks";
				PRODUCT_BUNDLE_IDENTIFIER = "JCA.$(PRODUCT_NAME:rfc1034identifier)";
				PRODUCT_NAME = "$(TARGET_NAME)";
				SWIFT_VERSION = 4.0;
				TEST_HOST = "$(BUILT_PRODUCTS_DIR)/PullToRefreshDemo.app/PullToRefreshDemo";
			};
			name = Debug;
		};
		C7AC6CE719A7FE6D007107DF /* Release */ = {
			isa = XCBuildConfiguration;
			buildSettings = {
				FRAMEWORK_SEARCH_PATHS = (
					"$(SDKROOT)/Developer/Library/Frameworks",
					"$(inherited)",
				);
				INFOPLIST_FILE = RefresherTests/Info.plist;
				LD_RUNPATH_SEARCH_PATHS = "$(inherited) @executable_path/Frameworks @loader_path/Frameworks";
				PRODUCT_BUNDLE_IDENTIFIER = "JCA.$(PRODUCT_NAME:rfc1034identifier)";
				PRODUCT_NAME = "$(TARGET_NAME)";
				SWIFT_VERSION = 4.0;
				TEST_HOST = "$(BUILT_PRODUCTS_DIR)/PullToRefreshDemo.app/PullToRefreshDemo";
			};
			name = Release;
		};
		C7D1CFA9199BB3C8009FD485 /* Debug */ = {
			isa = XCBuildConfiguration;
			buildSettings = {
				ALWAYS_SEARCH_USER_PATHS = NO;
				CLANG_CXX_LANGUAGE_STANDARD = "gnu++0x";
				CLANG_CXX_LIBRARY = "libc++";
				CLANG_ENABLE_MODULES = YES;
				CLANG_ENABLE_OBJC_ARC = YES;
				CLANG_WARN_BLOCK_CAPTURE_AUTORELEASING = YES;
				CLANG_WARN_BOOL_CONVERSION = YES;
				CLANG_WARN_COMMA = YES;
				CLANG_WARN_CONSTANT_CONVERSION = YES;
				CLANG_WARN_DIRECT_OBJC_ISA_USAGE = YES_ERROR;
				CLANG_WARN_EMPTY_BODY = YES;
				CLANG_WARN_ENUM_CONVERSION = YES;
				CLANG_WARN_INFINITE_RECURSION = YES;
				CLANG_WARN_INT_CONVERSION = YES;
				CLANG_WARN_NON_LITERAL_NULL_CONVERSION = YES;
				CLANG_WARN_OBJC_LITERAL_CONVERSION = YES;
				CLANG_WARN_OBJC_ROOT_CLASS = YES_ERROR;
				CLANG_WARN_RANGE_LOOP_ANALYSIS = YES;
				CLANG_WARN_STRICT_PROTOTYPES = YES;
				CLANG_WARN_SUSPICIOUS_MOVE = YES;
				CLANG_WARN_UNREACHABLE_CODE = YES;
				CLANG_WARN__DUPLICATE_METHOD_MATCH = YES;
				"CODE_SIGN_IDENTITY[sdk=iphoneos*]" = "iPhone Developer";
				COPY_PHASE_STRIP = NO;
				ENABLE_STRICT_OBJC_MSGSEND = YES;
				ENABLE_TESTABILITY = YES;
				GCC_C_LANGUAGE_STANDARD = gnu99;
				GCC_DYNAMIC_NO_PIC = NO;
				GCC_NO_COMMON_BLOCKS = YES;
				GCC_OPTIMIZATION_LEVEL = 0;
				GCC_PREPROCESSOR_DEFINITIONS = (
					"DEBUG=1",
					"$(inherited)",
				);
				GCC_SYMBOLS_PRIVATE_EXTERN = NO;
				GCC_WARN_64_TO_32_BIT_CONVERSION = YES;
				GCC_WARN_ABOUT_RETURN_TYPE = YES_ERROR;
				GCC_WARN_UNDECLARED_SELECTOR = YES;
				GCC_WARN_UNINITIALIZED_AUTOS = YES_AGGRESSIVE;
				GCC_WARN_UNUSED_FUNCTION = YES;
				GCC_WARN_UNUSED_VARIABLE = YES;
				IPHONEOS_DEPLOYMENT_TARGET = 8.0;
				MTL_ENABLE_DEBUG_INFO = YES;
				ONLY_ACTIVE_ARCH = YES;
				SDKROOT = iphoneos;
				SWIFT_OPTIMIZATION_LEVEL = "-Onone";
				TARGETED_DEVICE_FAMILY = "1,2";
			};
			name = Debug;
		};
		C7D1CFAA199BB3C8009FD485 /* Release */ = {
			isa = XCBuildConfiguration;
			buildSettings = {
				ALWAYS_SEARCH_USER_PATHS = NO;
				CLANG_CXX_LANGUAGE_STANDARD = "gnu++0x";
				CLANG_CXX_LIBRARY = "libc++";
				CLANG_ENABLE_MODULES = YES;
				CLANG_ENABLE_OBJC_ARC = YES;
				CLANG_WARN_BLOCK_CAPTURE_AUTORELEASING = YES;
				CLANG_WARN_BOOL_CONVERSION = YES;
				CLANG_WARN_COMMA = YES;
				CLANG_WARN_CONSTANT_CONVERSION = YES;
				CLANG_WARN_DIRECT_OBJC_ISA_USAGE = YES_ERROR;
				CLANG_WARN_EMPTY_BODY = YES;
				CLANG_WARN_ENUM_CONVERSION = YES;
				CLANG_WARN_INFINITE_RECURSION = YES;
				CLANG_WARN_INT_CONVERSION = YES;
				CLANG_WARN_NON_LITERAL_NULL_CONVERSION = YES;
				CLANG_WARN_OBJC_LITERAL_CONVERSION = YES;
				CLANG_WARN_OBJC_ROOT_CLASS = YES_ERROR;
				CLANG_WARN_RANGE_LOOP_ANALYSIS = YES;
				CLANG_WARN_STRICT_PROTOTYPES = YES;
				CLANG_WARN_SUSPICIOUS_MOVE = YES;
				CLANG_WARN_UNREACHABLE_CODE = YES;
				CLANG_WARN__DUPLICATE_METHOD_MATCH = YES;
				"CODE_SIGN_IDENTITY[sdk=iphoneos*]" = "iPhone Developer";
				COPY_PHASE_STRIP = YES;
				ENABLE_NS_ASSERTIONS = NO;
				ENABLE_STRICT_OBJC_MSGSEND = YES;
				GCC_C_LANGUAGE_STANDARD = gnu99;
				GCC_NO_COMMON_BLOCKS = YES;
				GCC_WARN_64_TO_32_BIT_CONVERSION = YES;
				GCC_WARN_ABOUT_RETURN_TYPE = YES_ERROR;
				GCC_WARN_UNDECLARED_SELECTOR = YES;
				GCC_WARN_UNINITIALIZED_AUTOS = YES_AGGRESSIVE;
				GCC_WARN_UNUSED_FUNCTION = YES;
				GCC_WARN_UNUSED_VARIABLE = YES;
				IPHONEOS_DEPLOYMENT_TARGET = 8.0;
				MTL_ENABLE_DEBUG_INFO = NO;
				SDKROOT = iphoneos;
				SWIFT_OPTIMIZATION_LEVEL = "-Owholemodule";
				TARGETED_DEVICE_FAMILY = "1,2";
				VALIDATE_PRODUCT = YES;
			};
			name = Release;
		};
		C7D1CFAC199BB3C8009FD485 /* Debug */ = {
			isa = XCBuildConfiguration;
			buildSettings = {
				ASSETCATALOG_COMPILER_APPICON_NAME = AppIcon;
				ASSETCATALOG_COMPILER_LAUNCHIMAGE_NAME = LaunchImage;
				CODE_SIGN_IDENTITY = "iPhone Developer";
				INFOPLIST_FILE = "$(SRCROOT)/PullToRefreshDemo/Info.plist";
				LD_RUNPATH_SEARCH_PATHS = "$(inherited) @executable_path/Frameworks";
				PRODUCT_BUNDLE_IDENTIFIER = "JCA.${PRODUCT_NAME:rfc1034identifier}";
				PRODUCT_NAME = "$(TARGET_NAME)";
				SWIFT_VERSION = 4.0;
			};
			name = Debug;
		};
		C7D1CFAD199BB3C8009FD485 /* Release */ = {
			isa = XCBuildConfiguration;
			buildSettings = {
				ASSETCATALOG_COMPILER_APPICON_NAME = AppIcon;
				ASSETCATALOG_COMPILER_LAUNCHIMAGE_NAME = LaunchImage;
				CODE_SIGN_IDENTITY = "iPhone Developer";
				INFOPLIST_FILE = "$(SRCROOT)/PullToRefreshDemo/Info.plist";
				LD_RUNPATH_SEARCH_PATHS = "$(inherited) @executable_path/Frameworks";
				PRODUCT_BUNDLE_IDENTIFIER = "JCA.${PRODUCT_NAME:rfc1034identifier}";
				PRODUCT_NAME = "$(TARGET_NAME)";
				SWIFT_VERSION = 4.0;
			};
			name = Release;
		};
/* End XCBuildConfiguration section */

/* Begin XCConfigurationList section */
		C7AC6CE819A7FE6D007107DF /* Build configuration list for PBXNativeTarget "Refresher" */ = {
			isa = XCConfigurationList;
			buildConfigurations = (
				C7AC6CE419A7FE6D007107DF /* Debug */,
				C7AC6CE519A7FE6D007107DF /* Release */,
			);
			defaultConfigurationIsVisible = 0;
			defaultConfigurationName = Release;
		};
		C7AC6CEA19A7FE6D007107DF /* Build configuration list for PBXNativeTarget "RefresherTests" */ = {
			isa = XCConfigurationList;
			buildConfigurations = (
				C7AC6CE619A7FE6D007107DF /* Debug */,
				C7AC6CE719A7FE6D007107DF /* Release */,
			);
			defaultConfigurationIsVisible = 0;
			defaultConfigurationName = Release;
		};
		C7D1CF8A199BB3C8009FD485 /* Build configuration list for PBXProject "PullToRefresh" */ = {
			isa = XCConfigurationList;
			buildConfigurations = (
				C7D1CFA9199BB3C8009FD485 /* Debug */,
				C7D1CFAA199BB3C8009FD485 /* Release */,
			);
			defaultConfigurationIsVisible = 0;
			defaultConfigurationName = Release;
		};
		C7D1CFAB199BB3C8009FD485 /* Build configuration list for PBXNativeTarget "PullToRefreshDemo" */ = {
			isa = XCConfigurationList;
			buildConfigurations = (
				C7D1CFAC199BB3C8009FD485 /* Debug */,
				C7D1CFAD199BB3C8009FD485 /* Release */,
			);
			defaultConfigurationIsVisible = 0;
			defaultConfigurationName = Release;
		};
/* End XCConfigurationList section */
	};
	rootObject = C7D1CF87199BB3C8009FD485 /* Project object */;
}
